
Microsoft Visual Studio Solution File, Format Version 12.00
# Visual Studio Version 17
VisualStudioVersion = 17.9.34622.214
MinimumVisualStudioVersion = 10.0.40219.1
Project("{FAE04EC0-301F-11D3-BF4B-00C04F79EFBC}") = "QuanLyCanHoVaCuDan", "QuanLyCanHoVaCuDan\QuanLyCanHoVaCuDan.csproj", "{11D427FF-FFF0-41A6-BC56-8B49741DEA40}"
EndProject
Global
	GlobalSection(SolutionConfigurationPlatforms) = preSolution
		Debug|Any CPU = Debug|Any CPU
		Release|Any CPU = Release|Any CPU
	EndGlobalSection
	GlobalSection(ProjectConfigurationPlatforms) = postSolution
		{11D427FF-FFF0-41A6-BC56-8B49741DEA40}.Debug|Any CPU.ActiveCfg = Debug|Any CPU
		{11D427FF-FFF0-41A6-BC56-8B49741DEA40}.Debug|Any CPU.Build.0 = Debug|Any CPU
		{11D427FF-FFF0-41A6-BC56-8B49741DEA40}.Release|Any CPU.ActiveCfg = Release|Any CPU
		{11D427FF-FFF0-41A6-BC56-8B49741DEA40}.Release|Any CPU.Build.0 = Release|Any CPU
	EndGlobalSection
	GlobalSection(SolutionProperties) = preSolution
		HideSolutionNode = FALSE
	EndGlobalSection
	GlobalSection(ExtensibilityGlobals) = postSolution
		SolutionGuid = {545F0D8F-A736-4111-8B6C-77B3935DA14E}
	EndGlobalSection
EndGlobal
